
Microsoft Visual Studio Solution File, Format Version 12.00
# Visual Studio Version 17
VisualStudioVersion = 17.10.34928.147
MinimumVisualStudioVersion = 10.0.40219.1
Project("{FAE04EC0-301F-11D3-BF4B-00C04F79EFBC}") = "ReactAppFormBuilder.Server", "ReactAppFormBuilder.Server\ReactAppFormBuilder.Server.csproj", "{AC3439A3-3620-40B5-AABF-F89FC3C2F23F}"
EndProject
Project("{54A90642-561A-4BB1-A94E-469ADEE60C69}") = "reactappformbuilder.client", "reactappformbuilder.client\reactappformbuilder.client.esproj", "{43F7486D-8597-4E7F-AFC3-5AAF7151FB64}"
EndProject
Global
	GlobalSection(SolutionConfigurationPlatforms) = preSolution
		Debug|Any CPU = Debug|Any CPU
		Release|Any CPU = Release|Any CPU
	EndGlobalSection
	GlobalSection(ProjectConfigurationPlatforms) = postSolution
		{AC3439A3-3620-40B5-AABF-F89FC3C2F23F}.Debug|Any CPU.ActiveCfg = Debug|Any CPU
		{AC3439A3-3620-40B5-AABF-F89FC3C2F23F}.Debug|Any CPU.Build.0 = Debug|Any CPU
		{AC3439A3-3620-40B5-AABF-F89FC3C2F23F}.Release|Any CPU.ActiveCfg = Release|Any CPU
		{AC3439A3-3620-40B5-AABF-F89FC3C2F23F}.Release|Any CPU.Build.0 = Release|Any CPU
		{43F7486D-8597-4E7F-AFC3-5AAF7151FB64}.Debug|Any CPU.ActiveCfg = Debug|Any CPU
		{43F7486D-8597-4E7F-AFC3-5AAF7151FB64}.Debug|Any CPU.Build.0 = Debug|Any CPU
		{43F7486D-8597-4E7F-AFC3-5AAF7151FB64}.Debug|Any CPU.Deploy.0 = Debug|Any CPU
		{43F7486D-8597-4E7F-AFC3-5AAF7151FB64}.Release|Any CPU.ActiveCfg = Release|Any CPU
		{43F7486D-8597-4E7F-AFC3-5AAF7151FB64}.Release|Any CPU.Build.0 = Release|Any CPU
		{43F7486D-8597-4E7F-AFC3-5AAF7151FB64}.Release|Any CPU.Deploy.0 = Release|Any CPU
	EndGlobalSection
	GlobalSection(SolutionProperties) = preSolution
		HideSolutionNode = FALSE
	EndGlobalSection
	GlobalSection(ExtensibilityGlobals) = postSolution
		SolutionGuid = {E939425F-D110-486E-942F-4029906EFC5A}
	EndGlobalSection
EndGlobal
